
Microsoft Visual Studio Solution File, Format Version 12.00
# Visual Studio Version 16
VisualStudioVersion = 16.0.30114.105
MinimumVisualStudioVersion = 10.0.40219.1
Project("{FAE04EC0-301F-11D3-BF4B-00C04F79EFBC}") = "courseworkWebApp", "courseworkWebApp\courseworkWebApp.csproj", "{2780823F-8869-43C4-BE14-FB825A1EFA75}"
EndProject
Global
	GlobalSection(SolutionConfigurationPlatforms) = preSolution
		Debug|Any CPU = Debug|Any CPU
		Release|Any CPU = Release|Any CPU
	EndGlobalSection
	GlobalSection(ProjectConfigurationPlatforms) = postSolution
		{2780823F-8869-43C4-BE14-FB825A1EFA75}.Debug|Any CPU.ActiveCfg = Debug|Any CPU
		{2780823F-8869-43C4-BE14-FB825A1EFA75}.Debug|Any CPU.Build.0 = Debug|Any CPU
		{2780823F-8869-43C4-BE14-FB825A1EFA75}.Release|Any CPU.ActiveCfg = Release|Any CPU
		{2780823F-8869-43C4-BE14-FB825A1EFA75}.Release|Any CPU.Build.0 = Release|Any CPU
	EndGlobalSection
	GlobalSection(SolutionProperties) = preSolution
		HideSolutionNode = FALSE
	EndGlobalSection
	GlobalSection(ExtensibilityGlobals) = postSolution
		SolutionGuid = {77BD3EEC-0E6D-49C2-AE39-EBDBB331CDEB}
	EndGlobalSection
EndGlobal
